# THIS IS AN AUTOGENERATED FILE. DO NOT EDIT THIS FILE DIRECTLY.
# yarn lockfile v1


eslint-config-optimum-energy@^0.4.0:
  version "0.4.0"
  resolved "https://registry.yarnpkg.com/eslint-config-optimum-energy/-/eslint-config-optimum-energy-0.4.0.tgz#407fe870064822c81ef802ac6151559512715e44"
  integrity sha512-G/LBtbRCulqcN6/4moPrt91hlkv0ZI6x+xZtXi9Msl7aZDFfra804WklbIY1AGD7RFHmr0L1PyE13/XlLqt6dA==
